
Microsoft Visual Studio Solution File, Format Version 12.00
# Visual Studio 15
VisualStudioVersion = 15.0.28307.572
MinimumVisualStudioVersion = 10.0.40219.1
Project("{FAE04EC0-301F-11D3-BF4B-00C04F79EFBC}") = "ContractManager3", "ContractManager3\ContractManager3.csproj", "{398CBF20-1B1B-412E-A482-B73C6D103AE9}"
EndProject
Project("{FAE04EC0-301F-11D3-BF4B-00C04F79EFBC}") = "ContractManager3.Tests", "ContractManager3.Tests\ContractManager3.Tests.csproj", "{655AB824-7202-4125-A938-1DCB8CD4147F}"
EndProject
Global
	GlobalSection(SolutionConfigurationPlatforms) = preSolution
		Debug|Any CPU = Debug|Any CPU
		Release|Any CPU = Release|Any CPU
	EndGlobalSection
	GlobalSection(ProjectConfigurationPlatforms) = postSolution
		{398CBF20-1B1B-412E-A482-B73C6D103AE9}.Debug|Any CPU.ActiveCfg = Debug|Any CPU
		{398CBF20-1B1B-412E-A482-B73C6D103AE9}.Debug|Any CPU.Build.0 = Debug|Any CPU
		{398CBF20-1B1B-412E-A482-B73C6D103AE9}.Release|Any CPU.ActiveCfg = Release|Any CPU
		{398CBF20-1B1B-412E-A482-B73C6D103AE9}.Release|Any CPU.Build.0 = Release|Any CPU
		{655AB824-7202-4125-A938-1DCB8CD4147F}.Debug|Any CPU.ActiveCfg = Debug|Any CPU
		{655AB824-7202-4125-A938-1DCB8CD4147F}.Debug|Any CPU.Build.0 = Debug|Any CPU
		{655AB824-7202-4125-A938-1DCB8CD4147F}.Release|Any CPU.ActiveCfg = Release|Any CPU
		{655AB824-7202-4125-A938-1DCB8CD4147F}.Release|Any CPU.Build.0 = Release|Any CPU
	EndGlobalSection
	GlobalSection(SolutionProperties) = preSolution
		HideSolutionNode = FALSE
	EndGlobalSection
	GlobalSection(ExtensibilityGlobals) = postSolution
		SolutionGuid = {9AFB8B6C-BB81-42C9-BDDA-AFAC41B6879A}
	EndGlobalSection
EndGlobal
